
Microsoft Visual Studio Solution File, Format Version 12.00
# Visual Studio Version 16
VisualStudioVersion = 16.0.30907.101
MinimumVisualStudioVersion = 15.0.26124.0
Project("{9A19103F-16F7-4668-BE54-9A1E7A4F7556}") = "ExchangeRates.Api", "ExchangeRates.Api\ExchangeRates.Api.csproj", "{7737A695-79B2-4780-88D0-11945EF2E806}"
EndProject
Project("{9A19103F-16F7-4668-BE54-9A1E7A4F7556}") = "ExchangeRates.Processor", "ExchangeRates.Processor\ExchangeRates.Processor.csproj", "{EABDFA44-70C9-447B-BAB7-4FF299D8A330}"
EndProject
Project("{FAE04EC0-301F-11D3-BF4B-00C04F79EFBC}") = "ExchangeRates.Common", "ExchangeRates.Common\ExchangeRates.Common.csproj", "{D0F0A245-6F2D-4E82-B769-3C7041414D01}"
EndProject
Global
	GlobalSection(SolutionConfigurationPlatforms) = preSolution
		Debug|Any CPU = Debug|Any CPU
		Release|Any CPU = Release|Any CPU
	EndGlobalSection
	GlobalSection(ProjectConfigurationPlatforms) = postSolution
		{7737A695-79B2-4780-88D0-11945EF2E806}.Debug|Any CPU.ActiveCfg = Debug|Any CPU
		{7737A695-79B2-4780-88D0-11945EF2E806}.Debug|Any CPU.Build.0 = Debug|Any CPU
		{7737A695-79B2-4780-88D0-11945EF2E806}.Release|Any CPU.ActiveCfg = Release|Any CPU
		{7737A695-79B2-4780-88D0-11945EF2E806}.Release|Any CPU.Build.0 = Release|Any CPU
		{EABDFA44-70C9-447B-BAB7-4FF299D8A330}.Debug|Any CPU.ActiveCfg = Debug|Any CPU
		{EABDFA44-70C9-447B-BAB7-4FF299D8A330}.Debug|Any CPU.Build.0 = Debug|Any CPU
		{EABDFA44-70C9-447B-BAB7-4FF299D8A330}.Release|Any CPU.ActiveCfg = Release|Any CPU
		{EABDFA44-70C9-447B-BAB7-4FF299D8A330}.Release|Any CPU.Build.0 = Release|Any CPU
		{D0F0A245-6F2D-4E82-B769-3C7041414D01}.Debug|Any CPU.ActiveCfg = Debug|Any CPU
		{D0F0A245-6F2D-4E82-B769-3C7041414D01}.Debug|Any CPU.Build.0 = Debug|Any CPU
		{D0F0A245-6F2D-4E82-B769-3C7041414D01}.Release|Any CPU.ActiveCfg = Release|Any CPU
		{D0F0A245-6F2D-4E82-B769-3C7041414D01}.Release|Any CPU.Build.0 = Release|Any CPU
	EndGlobalSection
	GlobalSection(SolutionProperties) = preSolution
		HideSolutionNode = FALSE
	EndGlobalSection
	GlobalSection(ExtensibilityGlobals) = postSolution
		SolutionGuid = {D7863A42-5F27-4D41-BBF7-329F895283F7}
	EndGlobalSection
EndGlobal
